
Microsoft Visual Studio Solution File, Format Version 12.00
# Visual Studio Version 17
VisualStudioVersion = 17.2.32516.85
MinimumVisualStudioVersion = 10.0.40219.1
Project("{8BC9CEB8-8B4A-11D0-8D11-00A0C91BC942}") = "diy", "diy.vcxproj", "{63F9EEA7-49E4-4AB3-A52F-FFD7C1CFE64D}"
EndProject
Global
	GlobalSection(SolutionConfigurationPlatforms) = preSolution
		Debug|x64 = Debug|x64
		Debug|x86 = Debug|x86
		Release|x64 = Release|x64
		Release|x86 = Release|x86
	EndGlobalSection
	GlobalSection(ProjectConfigurationPlatforms) = postSolution
		{63F9EEA7-49E4-4AB3-A52F-FFD7C1CFE64D}.Debug|x64.ActiveCfg = Debug|x64
		{63F9EEA7-49E4-4AB3-A52F-FFD7C1CFE64D}.Debug|x64.Build.0 = Debug|x64
		{63F9EEA7-49E4-4AB3-A52F-FFD7C1CFE64D}.Debug|x86.ActiveCfg = Debug|Win32
		{63F9EEA7-49E4-4AB3-A52F-FFD7C1CFE64D}.Debug|x86.Build.0 = Debug|Win32
		{63F9EEA7-49E4-4AB3-A52F-FFD7C1CFE64D}.Release|x64.ActiveCfg = Release|x64
		{63F9EEA7-49E4-4AB3-A52F-FFD7C1CFE64D}.Release|x64.Build.0 = Release|x64
		{63F9EEA7-49E4-4AB3-A52F-FFD7C1CFE64D}.Release|x86.ActiveCfg = Release|Win32
		{63F9EEA7-49E4-4AB3-A52F-FFD7C1CFE64D}.Release|x86.Build.0 = Release|Win32
	EndGlobalSection
	GlobalSection(SolutionProperties) = preSolution
		HideSolutionNode = FALSE
	EndGlobalSection
	GlobalSection(ExtensibilityGlobals) = postSolution
		SolutionGuid = {C790C40F-5673-4C00-9F49-D05EB91EAF99}
	EndGlobalSection
EndGlobal
