
Microsoft Visual Studio Solution File, Format Version 12.00
# Visual Studio Version 17
VisualStudioVersion = 17.2.32516.85
MinimumVisualStudioVersion = 10.0.40219.1
Project("{8BC9CEB8-8B4A-11D0-8D11-00A0C91BC942}") = "lab", "lab.vcxproj", "{60B887F6-9014-4B09-8D2B-7A051CF8339B}"
EndProject
Global
	GlobalSection(SolutionConfigurationPlatforms) = preSolution
		Debug|x64 = Debug|x64
		Debug|x86 = Debug|x86
		Release|x64 = Release|x64
		Release|x86 = Release|x86
	EndGlobalSection
	GlobalSection(ProjectConfigurationPlatforms) = postSolution
		{60B887F6-9014-4B09-8D2B-7A051CF8339B}.Debug|x64.ActiveCfg = Debug|x64
		{60B887F6-9014-4B09-8D2B-7A051CF8339B}.Debug|x64.Build.0 = Debug|x64
		{60B887F6-9014-4B09-8D2B-7A051CF8339B}.Debug|x86.ActiveCfg = Debug|Win32
		{60B887F6-9014-4B09-8D2B-7A051CF8339B}.Debug|x86.Build.0 = Debug|Win32
		{60B887F6-9014-4B09-8D2B-7A051CF8339B}.Release|x64.ActiveCfg = Release|x64
		{60B887F6-9014-4B09-8D2B-7A051CF8339B}.Release|x64.Build.0 = Release|x64
		{60B887F6-9014-4B09-8D2B-7A051CF8339B}.Release|x86.ActiveCfg = Release|Win32
		{60B887F6-9014-4B09-8D2B-7A051CF8339B}.Release|x86.Build.0 = Release|Win32
	EndGlobalSection
	GlobalSection(SolutionProperties) = preSolution
		HideSolutionNode = FALSE
	EndGlobalSection
	GlobalSection(ExtensibilityGlobals) = postSolution
		SolutionGuid = {D9660F3C-4492-4194-8D56-7219E21918A9}
	EndGlobalSection
EndGlobal
